// !$*UTF8*$!
{
	archiveVersion = 1;
	classes = {
	};
	objectVersion = 48;
	objects = {

/* Begin PBXBuildFile section */
		AC393378205F56EA0016D5B1 /* AppDelegate.swift in Sources */ = {isa = PBXBuildFile; fileRef = AC393377205F56EA0016D5B1 /* AppDelegate.swift */; };
		AC39337A205F56EA0016D5B1 /* MainVC.swift in Sources */ = {isa = PBXBuildFile; fileRef = AC393379205F56EA0016D5B1 /* MainVC.swift */; };
		AC39337D205F56EA0016D5B1 /* Main.storyboard in Resources */ = {isa = PBXBuildFile; fileRef = AC39337B205F56EA0016D5B1 /* Main.storyboard */; };
		AC39337F205F56EA0016D5B1 /* Assets.xcassets in Resources */ = {isa = PBXBuildFile; fileRef = AC39337E205F56EA0016D5B1 /* Assets.xcassets */; };
		AC393382205F56EA0016D5B1 /* LaunchScreen.storyboard in Resources */ = {isa = PBXBuildFile; fileRef = AC393380205F56EA0016D5B1 /* LaunchScreen.storyboard */; };
		AC39338D205F56EB0016D5B1 /* KaTalk_SettingsTests.swift in Sources */ = {isa = PBXBuildFile; fileRef = AC39338C205F56EB0016D5B1 /* KaTalk_SettingsTests.swift */; };
		AC393398205F56EB0016D5B1 /* KaTalk_SettingsUITests.swift in Sources */ = {isa = PBXBuildFile; fileRef = AC393397205F56EB0016D5B1 /* KaTalk_SettingsUITests.swift */; };
		AC69FE4B2063869100235182 /* NameVC.swift in Sources */ = {isa = PBXBuildFile; fileRef = AC69FE4A2063869100235182 /* NameVC.swift */; };
		AC7A4EB5207DB3A700CBC91C /* CollectionViewCell.swift in Sources */ = {isa = PBXBuildFile; fileRef = AC7A4EB4207DB3A700CBC91C /* CollectionViewCell.swift */; };
		AC855859205F7F170047C7FE /* MoreVC.swift in Sources */ = {isa = PBXBuildFile; fileRef = AC855858205F7F170047C7FE /* MoreVC.swift */; };
		ACAD0A8A205FA2EE00E3C0B2 /* profileVC.swift in Sources */ = {isa = PBXBuildFile; fileRef = ACAD0A89205FA2EE00E3C0B2 /* profileVC.swift */; };
		ACED5F9920807D6300A79717 /* SecondCollectionViewCell.swift in Sources */ = {isa = PBXBuildFile; fileRef = ACED5F9820807D6300A79717 /* SecondCollectionViewCell.swift */; };
/* End PBXBuildFile section */

/* Begin PBXContainerItemProxy section */
		AC393389205F56EB0016D5B1 /* PBXContainerItemProxy */ = {
			isa = PBXContainerItemProxy;
			containerPortal = AC39336C205F56EA0016D5B1 /* Project object */;
			proxyType = 1;
			remoteGlobalIDString = AC393373205F56EA0016D5B1;
			remoteInfo = "KaTalk-Settings";
		};
		AC393394205F56EB0016D5B1 /* PBXContainerItemProxy */ = {
			isa = PBXContainerItemProxy;
			containerPortal = AC39336C205F56EA0016D5B1 /* Project object */;
			proxyType = 1;
			remoteGlobalIDString = AC393373205F56EA0016D5B1;
			remoteInfo = "KaTalk-Settings";
		};
/* End PBXContainerItemProxy section */

/* Begin PBXFileReference section */
		AC393374205F56EA0016D5B1 /* KaTalk-Settings.app */ = {isa = PBXFileReference; explicitFileType = wrapper.application; includeInIndex = 0; path = "KaTalk-Settings.app"; sourceTree = BUILT_PRODUCTS_DIR; };
		AC393377205F56EA0016D5B1 /* AppDelegate.swift */ = {isa = PBXFileReference; lastKnownFileType = sourcecode.swift; path = AppDelegate.swift; sourceTree = "<group>"; };
		AC393379205F56EA0016D5B1 /* MainVC.swift */ = {isa = PBXFileReference; lastKnownFileType = sourcecode.swift; path = MainVC.swift; sourceTree = "<group>"; };
		AC39337C205F56EA0016D5B1 /* Base */ = {isa = PBXFileReference; lastKnownFileType = file.storyboard; name = Base; path = Base.lproj/Main.storyboard; sourceTree = "<group>"; };
		AC39337E205F56EA0016D5B1 /* Assets.xcassets */ = {isa = PBXFileReference; lastKnownFileType = folder.assetcatalog; path = Assets.xcassets; sourceTree = "<group>"; };
		AC393381205F56EA0016D5B1 /* Base */ = {isa = PBXFileReference; lastKnownFileType = file.storyboard; name = Base; path = Base.lproj/LaunchScreen.storyboard; sourceTree = "<group>"; };
		AC393383205F56EA0016D5B1 /* Info.plist */ = {isa = PBXFileReference; lastKnownFileType = text.plist.xml; path = Info.plist; sourceTree = "<group>"; };
		AC393388205F56EB0016D5B1 /* KaTalk-SettingsTests.xctest */ = {isa = PBXFileReference; explicitFileType = wrapper.cfbundle; includeInIndex = 0; path = "KaTalk-SettingsTests.xctest"; sourceTree = BUILT_PRODUCTS_DIR; };
		AC39338C205F56EB0016D5B1 /* KaTalk_SettingsTests.swift */ = {isa = PBXFileReference; lastKnownFileType = sourcecode.swift; path = KaTalk_SettingsTests.swift; sourceTree = "<group>"; };
		AC39338E205F56EB0016D5B1 /* Info.plist */ = {isa = PBXFileReference; lastKnownFileType = text.plist.xml; path = Info.plist; sourceTree = "<group>"; };
		AC393393205F56EB0016D5B1 /* KaTalk-SettingsUITests.xctest */ = {isa = PBXFileReference; explicitFileType = wrapper.cfbundle; includeInIndex = 0; path = "KaTalk-SettingsUITests.xctest"; sourceTree = BUILT_PRODUCTS_DIR; };
		AC393397205F56EB0016D5B1 /* KaTalk_SettingsUITests.swift */ = {isa = PBXFileReference; lastKnownFileType = sourcecode.swift; path = KaTalk_SettingsUITests.swift; sourceTree = "<group>"; };
		AC393399205F56EB0016D5B1 /* Info.plist */ = {isa = PBXFileReference; lastKnownFileType = text.plist.xml; path = Info.plist; sourceTree = "<group>"; };
		AC69FE4A2063869100235182 /* NameVC.swift */ = {isa = PBXFileReference; lastKnownFileType = sourcecode.swift; path = NameVC.swift; sourceTree = "<group>"; };
		AC7A4EB4207DB3A700CBC91C /* CollectionViewCell.swift */ = {isa = PBXFileReference; lastKnownFileType = sourcecode.swift; path = CollectionViewCell.swift; sourceTree = "<group>"; };
		AC855858205F7F170047C7FE /* MoreVC.swift */ = {isa = PBXFileReference; lastKnownFileType = sourcecode.swift; path = MoreVC.swift; sourceTree = "<group>"; };
		ACAD0A89205FA2EE00E3C0B2 /* profileVC.swift */ = {isa = PBXFileReference; lastKnownFileType = sourcecode.swift; path = profileVC.swift; sourceTree = "<group>"; };
		ACED5F9820807D6300A79717 /* SecondCollectionViewCell.swift */ = {isa = PBXFileReference; lastKnownFileType = sourcecode.swift; path = SecondCollectionViewCell.swift; sourceTree = "<group>"; };
/* End PBXFileReference section */

/* Begin PBXFrameworksBuildPhase section */
		AC393371205F56EA0016D5B1 /* Frameworks */ = {
			isa = PBXFrameworksBuildPhase;
			buildActionMask = 2147483647;
			files = (
			);
			runOnlyForDeploymentPostprocessing = 0;
		};
		AC393385205F56EB0016D5B1 /* Frameworks */ = {
			isa = PBXFrameworksBuildPhase;
			buildActionMask = 2147483647;
			files = (
			);
			runOnlyForDeploymentPostprocessing = 0;
		};
		AC393390205F56EB0016D5B1 /* Frameworks */ = {
			isa = PBXFrameworksBuildPhase;
			buildActionMask = 2147483647;
			files = (
			);
			runOnlyForDeploymentPostprocessing = 0;
		};
/* End PBXFrameworksBuildPhase section */

/* Begin PBXGroup section */
		AC39336B205F56EA0016D5B1 = {
			isa = PBXGroup;
			children = (
				AC393376205F56EA0016D5B1 /* KaTalk-Settings */,
				AC39338B205F56EB0016D5B1 /* KaTalk-SettingsTests */,
				AC393396205F56EB0016D5B1 /* KaTalk-SettingsUITests */,
				AC393375205F56EA0016D5B1 /* Products */,
			);
			sourceTree = "<group>";
		};
		AC393375205F56EA0016D5B1 /* Products */ = {
			isa = PBXGroup;
			children = (
				AC393374205F56EA0016D5B1 /* KaTalk-Settings.app */,
				AC393388205F56EB0016D5B1 /* KaTalk-SettingsTests.xctest */,
				AC393393205F56EB0016D5B1 /* KaTalk-SettingsUITests.xctest */,
			);
			name = Products;
			sourceTree = "<group>";
		};
		AC393376205F56EA0016D5B1 /* KaTalk-Settings */ = {
			isa = PBXGroup;
			children = (
				AC393377205F56EA0016D5B1 /* AppDelegate.swift */,
				ACA4F8342060FB660086CCF8 /* Controller */,
				ACA4F8352060FB800086CCF8 /* View */,
				AC39337E205F56EA0016D5B1 /* Assets.xcassets */,
				AC393380205F56EA0016D5B1 /* LaunchScreen.storyboard */,
				AC393383205F56EA0016D5B1 /* Info.plist */,
			);
			path = "KaTalk-Settings";
			sourceTree = "<group>";
		};
		AC39338B205F56EB0016D5B1 /* KaTalk-SettingsTests */ = {
			isa = PBXGroup;
			children = (
				AC39338C205F56EB0016D5B1 /* KaTalk_SettingsTests.swift */,
				AC39338E205F56EB0016D5B1 /* Info.plist */,
			);
			path = "KaTalk-SettingsTests";
			sourceTree = "<group>";
		};
		AC393396205F56EB0016D5B1 /* KaTalk-SettingsUITests */ = {
			isa = PBXGroup;
			children = (
				AC393397205F56EB0016D5B1 /* KaTalk_SettingsUITests.swift */,
				AC393399205F56EB0016D5B1 /* Info.plist */,
			);
			path = "KaTalk-SettingsUITests";
			sourceTree = "<group>";
		};
		ACA4F8342060FB660086CCF8 /* Controller */ = {
			isa = PBXGroup;
			children = (
				AC393379205F56EA0016D5B1 /* MainVC.swift */,
				AC855858205F7F170047C7FE /* MoreVC.swift */,
				ACED5F9820807D6300A79717 /* SecondCollectionViewCell.swift */,
				AC7A4EB4207DB3A700CBC91C /* CollectionViewCell.swift */,
				ACAD0A89205FA2EE00E3C0B2 /* profileVC.swift */,
				AC69FE4A2063869100235182 /* NameVC.swift */,
			);
			path = Controller;
			sourceTree = "<group>";
		};
		ACA4F8352060FB800086CCF8 /* View */ = {
			isa = PBXGroup;
			children = (
				AC39337B205F56EA0016D5B1 /* Main.storyboard */,
			);
			path = View;
			sourceTree = "<group>";
		};
/* End PBXGroup section */

/* Begin PBXNativeTarget section */
		AC393373205F56EA0016D5B1 /* KaTalk-Settings */ = {
			isa = PBXNativeTarget;
			buildConfigurationList = AC39339C205F56EB0016D5B1 /* Build configuration list for PBXNativeTarget "KaTalk-Settings" */;
			buildPhases = (
				AC393370205F56EA0016D5B1 /* Sources */,
				AC393371205F56EA0016D5B1 /* Frameworks */,
				AC393372205F56EA0016D5B1 /* Resources */,
			);
			buildRules = (
			);
			dependencies = (
			);
			name = "KaTalk-Settings";
			productName = "KaTalk-Settings";
			productReference = AC393374205F56EA0016D5B1 /* KaTalk-Settings.app */;
			productType = "com.apple.product-type.application";
		};
		AC393387205F56EB0016D5B1 /* KaTalk-SettingsTests */ = {
			isa = PBXNativeTarget;
			buildConfigurationList = AC39339F205F56EB0016D5B1 /* Build configuration list for PBXNativeTarget "KaTalk-SettingsTests" */;
			buildPhases = (
				AC393384205F56EB0016D5B1 /* Sources */,
				AC393385205F56EB0016D5B1 /* Frameworks */,
				AC393386205F56EB0016D5B1 /* Resources */,
			);
			buildRules = (
			);
			dependencies = (
				AC39338A205F56EB0016D5B1 /* PBXTargetDependency */,
			);
			name = "KaTalk-SettingsTests";
			productName = "KaTalk-SettingsTests";
			productReference = AC393388205F56EB0016D5B1 /* KaTalk-SettingsTests.xctest */;
			productType = "com.apple.product-type.bundle.unit-test";
		};
		AC393392205F56EB0016D5B1 /* KaTalk-SettingsUITests */ = {
			isa = PBXNativeTarget;
			buildConfigurationList = AC3933A2205F56EB0016D5B1 /* Build configuration list for PBXNativeTarget "KaTalk-SettingsUITests" */;
			buildPhases = (
				AC39338F205F56EB0016D5B1 /* Sources */,
				AC393390205F56EB0016D5B1 /* Frameworks */,
				AC393391205F56EB0016D5B1 /* Resources */,
			);
			buildRules = (
			);
			dependencies = (
				AC393395205F56EB0016D5B1 /* PBXTargetDependency */,
			);
			name = "KaTalk-SettingsUITests";
			productName = "KaTalk-SettingsUITests";
			productReference = AC393393205F56EB0016D5B1 /* KaTalk-SettingsUITests.xctest */;
			productType = "com.apple.product-type.bundle.ui-testing";
		};
/* End PBXNativeTarget section */

/* Begin PBXProject section */
		AC39336C205F56EA0016D5B1 /* Project object */ = {
			isa = PBXProject;
			attributes = {
				LastSwiftUpdateCheck = 0920;
				LastUpgradeCheck = 0920;
				ORGANIZATIONNAME = "Peichun Tsai";
				TargetAttributes = {
					AC393373205F56EA0016D5B1 = {
						CreatedOnToolsVersion = 9.2;
						ProvisioningStyle = Automatic;
					};
					AC393387205F56EB0016D5B1 = {
						CreatedOnToolsVersion = 9.2;
						ProvisioningStyle = Automatic;
						TestTargetID = AC393373205F56EA0016D5B1;
					};
					AC393392205F56EB0016D5B1 = {
						CreatedOnToolsVersion = 9.2;
						ProvisioningStyle = Automatic;
						TestTargetID = AC393373205F56EA0016D5B1;
					};
				};
			};
			buildConfigurationList = AC39336F205F56EA0016D5B1 /* Build configuration list for PBXProject "KaTalk-Settings" */;
			compatibilityVersion = "Xcode 8.0";
			developmentRegion = en;
			hasScannedForEncodings = 0;
			knownRegions = (
				en,
				Base,
			);
			mainGroup = AC39336B205F56EA0016D5B1;
			productRefGroup = AC393375205F56EA0016D5B1 /* Products */;
			projectDirPath = "";
			projectRoot = "";
			targets = (
				AC393373205F56EA0016D5B1 /* KaTalk-Settings */,
				AC393387205F56EB0016D5B1 /* KaTalk-SettingsTests */,
				AC393392205F56EB0016D5B1 /* KaTalk-SettingsUITests */,
			);
		};
/* End PBXProject section */

/* Begin PBXResourcesBuildPhase section */
		AC393372205F56EA0016D5B1 /* Resources */ = {
			isa = PBXResourcesBuildPhase;
			buildActionMask = 2147483647;
			files = (
				AC393382205F56EA0016D5B1 /* LaunchScreen.storyboard in Resources */,
				AC39337F205F56EA0016D5B1 /* Assets.xcassets in Resources */,
				AC39337D205F56EA0016D5B1 /* Main.storyboard in Resources */,
			);
			runOnlyForDeploymentPostprocessing = 0;
		};
		AC393386205F56EB0016D5B1 /* Resources */ = {
			isa = PBXResourcesBuildPhase;
			buildActionMask = 2147483647;
			files = (
			);
			runOnlyForDeploymentPostprocessing = 0;
		};
		AC393391205F56EB0016D5B1 /* Resources */ = {
			isa = PBXResourcesBuildPhase;
			buildActionMask = 2147483647;
			files = (
			);
			runOnlyForDeploymentPostprocessing = 0;
		};
/* End PBXResourcesBuildPhase section */

/* Begin PBXSourcesBuildPhase section */
		AC393370205F56EA0016D5B1 /* Sources */ = {
			isa = PBXSourcesBuildPhase;
			buildActionMask = 2147483647;
			files = (
				ACED5F9920807D6300A79717 /* SecondCollectionViewCell.swift in Sources */,
				ACAD0A8A205FA2EE00E3C0B2 /* profileVC.swift in Sources */,
				AC39337A205F56EA0016D5B1 /* MainVC.swift in Sources */,
				AC7A4EB5207DB3A700CBC91C /* CollectionViewCell.swift in Sources */,
				AC855859205F7F170047C7FE /* MoreVC.swift in Sources */,
				AC69FE4B2063869100235182 /* NameVC.swift in Sources */,
				AC393378205F56EA0016D5B1 /* AppDelegate.swift in Sources */,
			);
			runOnlyForDeploymentPostprocessing = 0;
		};
		AC393384205F56EB0016D5B1 /* Sources */ = {
			isa = PBXSourcesBuildPhase;
			buildActionMask = 2147483647;
			files = (
				AC39338D205F56EB0016D5B1 /* KaTalk_SettingsTests.swift in Sources */,
			);
			runOnlyForDeploymentPostprocessing = 0;
		};
		AC39338F205F56EB0016D5B1 /* Sources */ = {
			isa = PBXSourcesBuildPhase;
			buildActionMask = 2147483647;
			files = (
				AC393398205F56EB0016D5B1 /* KaTalk_SettingsUITests.swift in Sources */,
			);
			runOnlyForDeploymentPostprocessing = 0;
		};
/* End PBXSourcesBuildPhase section */

/* Begin PBXTargetDependency section */
		AC39338A205F56EB0016D5B1 /* PBXTargetDependency */ = {
			isa = PBXTargetDependency;
			target = AC393373205F56EA0016D5B1 /* KaTalk-Settings */;
			targetProxy = AC393389205F56EB0016D5B1 /* PBXContainerItemProxy */;
		};
		AC393395205F56EB0016D5B1 /* PBXTargetDependency */ = {
			isa = PBXTargetDependency;
			target = AC393373205F56EA0016D5B1 /* KaTalk-Settings */;
			targetProxy = AC393394205F56EB0016D5B1 /* PBXContainerItemProxy */;
		};
/* End PBXTargetDependency section */

/* Begin PBXVariantGroup section */
		AC39337B205F56EA0016D5B1 /* Main.storyboard */ = {
			isa = PBXVariantGroup;
			children = (
				AC39337C205F56EA0016D5B1 /* Base */,
			);
			name = Main.storyboard;
			sourceTree = "<group>";
		};
		AC393380205F56EA0016D5B1 /* LaunchScreen.storyboard */ = {
			isa = PBXVariantGroup;
			children = (
				AC393381205F56EA0016D5B1 /* Base */,
			);
			name = LaunchScreen.storyboard;
			sourceTree = "<group>";
		};
/* End PBXVariantGroup section */

/* Begin XCBuildConfiguration section */
		AC39339A205F56EB0016D5B1 /* Debug */ = {
			isa = XCBuildConfiguration;
			buildSettings = {
				ALWAYS_SEARCH_USER_PATHS = NO;
				CLANG_ANALYZER_NONNULL = YES;
				CLANG_ANALYZER_NUMBER_OBJECT_CONVERSION = YES_AGGRESSIVE;
				CLANG_CXX_LANGUAGE_STANDARD = "gnu++14";
				CLANG_CXX_LIBRARY = "libc++";
				CLANG_ENABLE_MODULES = YES;
				CLANG_ENABLE_OBJC_ARC = YES;
				CLANG_WARN_BLOCK_CAPTURE_AUTORELEASING = YES;
				CLANG_WARN_BOOL_CONVERSION = YES;
				CLANG_WARN_COMMA = YES;
				CLANG_WARN_CONSTANT_CONVERSION = YES;
				CLANG_WARN_DIRECT_OBJC_ISA_USAGE = YES_ERROR;
				CLANG_WARN_DOCUMENTATION_COMMENTS = YES;
				CLANG_WARN_EMPTY_BODY = YES;
				CLANG_WARN_ENUM_CONVERSION = YES;
				CLANG_WARN_INFINITE_RECURSION = YES;
				CLANG_WARN_INT_CONVERSION = YES;
				CLANG_WARN_NON_LITERAL_NULL_CONVERSION = YES;
				CLANG_WARN_OBJC_LITERAL_CONVERSION = YES;
				CLANG_WARN_OBJC_ROOT_CLASS = YES_ERROR;
				CLANG_WARN_RANGE_LOOP_ANALYSIS = YES;
				CLANG_WARN_STRICT_PROTOTYPES = YES;
				CLANG_WARN_SUSPICIOUS_MOVE = YES;
				CLANG_WARN_UNGUARDED_AVAILABILITY = YES_AGGRESSIVE;
				CLANG_WARN_UNREACHABLE_CODE = YES;
				CLANG_WARN__DUPLICATE_METHOD_MATCH = YES;
				CODE_SIGN_IDENTITY = "iPhone Developer";
				COPY_PHASE_STRIP = NO;
				DEBUG_INFORMATION_FORMAT = dwarf;
				ENABLE_STRICT_OBJC_MSGSEND = YES;
				ENABLE_TESTABILITY = YES;
				GCC_C_LANGUAGE_STANDARD = gnu11;
				GCC_DYNAMIC_NO_PIC = NO;
				GCC_NO_COMMON_BLOCKS = YES;
				GCC_OPTIMIZATION_LEVEL = 0;
				GCC_PREPROCESSOR_DEFINITIONS = (
					"DEBUG=1",
					"$(inherited)",
				);
				GCC_WARN_64_TO_32_BIT_CONVERSION = YES;
				GCC_WARN_ABOUT_RETURN_TYPE = YES_ERROR;
				GCC_WARN_UNDECLARED_SELECTOR = YES;
				GCC_WARN_UNINITIALIZED_AUTOS = YES_AGGRESSIVE;
				GCC_WARN_UNUSED_FUNCTION = YES;
				GCC_WARN_UNUSED_VARIABLE = YES;
				IPHONEOS_DEPLOYMENT_TARGET = 11.2;
				MTL_ENABLE_DEBUG_INFO = YES;
				ONLY_ACTIVE_ARCH = YES;
				SDKROOT = iphoneos;
				SWIFT_ACTIVE_COMPILATION_CONDITIONS = DEBUG;
				SWIFT_OPTIMIZATION_LEVEL = "-Onone";
			};
			name = Debug;
		};
		AC39339B205F56EB0016D5B1 /* Release */ = {
			isa = XCBuildConfiguration;
			buildSettings = {
				ALWAYS_SEARCH_USER_PATHS = NO;
				CLANG_ANALYZER_NONNULL = YES;
				CLANG_ANALYZER_NUMBER_OBJECT_CONVERSION = YES_AGGRESSIVE;
				CLANG_CXX_LANGUAGE_STANDARD = "gnu++14";
				CLANG_CXX_LIBRARY = "libc++";
				CLANG_ENABLE_MODULES = YES;
				CLANG_ENABLE_OBJC_ARC = YES;
				CLANG_WARN_BLOCK_CAPTURE_AUTORELEASING = YES;
				CLANG_WARN_BOOL_CONVERSION = YES;
				CLANG_WARN_COMMA = YES;
				CLANG_WARN_CONSTANT_CONVERSION = YES;
				CLANG_WARN_DIRECT_OBJC_ISA_USAGE = YES_ERROR;
				CLANG_WARN_DOCUMENTATION_COMMENTS = YES;
				CLANG_WARN_EMPTY_BODY = YES;
				CLANG_WARN_ENUM_CONVERSION = YES;
				CLANG_WARN_INFINITE_RECURSION = YES;
				CLANG_WARN_INT_CONVERSION = YES;
				CLANG_WARN_NON_LITERAL_NULL_CONVERSION = YES;
				CLANG_WARN_OBJC_LITERAL_CONVERSION = YES;
				CLANG_WARN_OBJC_ROOT_CLASS = YES_ERROR;
				CLANG_WARN_RANGE_LOOP_ANALYSIS = YES;
				CLANG_WARN_STRICT_PROTOTYPES = YES;
				CLANG_WARN_SUSPICIOUS_MOVE = YES;
				CLANG_WARN_UNGUARDED_AVAILABILITY = YES_AGGRESSIVE;
				CLANG_WARN_UNREACHABLE_CODE = YES;
				CLANG_WARN__DUPLICATE_METHOD_MATCH = YES;
				CODE_SIGN_IDENTITY = "iPhone Developer";
				COPY_PHASE_STRIP = NO;
				DEBUG_INFORMATION_FORMAT = "dwarf-with-dsym";
				ENABLE_NS_ASSERTIONS = NO;
				ENABLE_STRICT_OBJC_MSGSEND = YES;
				GCC_C_LANGUAGE_STANDARD = gnu11;
				GCC_NO_COMMON_BLOCKS = YES;
				GCC_WARN_64_TO_32_BIT_CONVERSION = YES;
				GCC_WARN_ABOUT_RETURN_TYPE = YES_ERROR;
				GCC_WARN_UNDECLARED_SELECTOR = YES;
				GCC_WARN_UNINITIALIZED_AUTOS = YES_AGGRESSIVE;
				GCC_WARN_UNUSED_FUNCTION = YES;
				GCC_WARN_UNUSED_VARIABLE = YES;
				IPHONEOS_DEPLOYMENT_TARGET = 11.2;
				MTL_ENABLE_DEBUG_INFO = NO;
				SDKROOT = iphoneos;
				SWIFT_OPTIMIZATION_LEVEL = "-Owholemodule";
				VALIDATE_PRODUCT = YES;
			};
			name = Release;
		};
		AC39339D205F56EB0016D5B1 /* Debug */ = {
			isa = XCBuildConfiguration;
			buildSettings = {
				ASSETCATALOG_COMPILER_APPICON_NAME = AppIcon;
				CODE_SIGN_STYLE = Automatic;
				DEVELOPMENT_TEAM = NE9H5QPYHM;
				INFOPLIST_FILE = "KaTalk-Settings/Info.plist";
				LD_RUNPATH_SEARCH_PATHS = "$(inherited) @executable_path/Frameworks";
				PRODUCT_BUNDLE_IDENTIFIER = "self.KaTalk-Settings";
				PRODUCT_NAME = "$(TARGET_NAME)";
				SWIFT_VERSION = 4.0;
				TARGETED_DEVICE_FAMILY = "1,2";
			};
			name = Debug;
		};
		AC39339E205F56EB0016D5B1 /* Release */ = {
			isa = XCBuildConfiguration;
			buildSettings = {
				ASSETCATALOG_COMPILER_APPICON_NAME = AppIcon;
				CODE_SIGN_STYLE = Automatic;
				DEVELOPMENT_TEAM = NE9H5QPYHM;
				INFOPLIST_FILE = "KaTalk-Settings/Info.plist";
				LD_RUNPATH_SEARCH_PATHS = "$(inherited) @executable_path/Frameworks";
				PRODUCT_BUNDLE_IDENTIFIER = "self.KaTalk-Settings";
				PRODUCT_NAME = "$(TARGET_NAME)";
				SWIFT_VERSION = 4.0;
				TARGETED_DEVICE_FAMILY = "1,2";
			};
			name = Release;
		};
		AC3933A0205F56EB0016D5B1 /* Debug */ = {
			isa = XCBuildConfiguration;
			buildSettings = {
				ALWAYS_EMBED_SWIFT_STANDARD_LIBRARIES = YES;
				BUNDLE_LOADER = "$(TEST_HOST)";
				CODE_SIGN_STYLE = Automatic;
				DEVELOPMENT_TEAM = NE9H5QPYHM;
				INFOPLIST_FILE = "KaTalk-SettingsTests/Info.plist";
				LD_RUNPATH_SEARCH_PATHS = "$(inherited) @executable_path/Frameworks @loader_path/Frameworks";
				PRODUCT_BUNDLE_IDENTIFIER = "self.KaTalk-SettingsTests";
				PRODUCT_NAME = "$(TARGET_NAME)";
				SWIFT_VERSION = 4.0;
				TARGETED_DEVICE_FAMILY = "1,2";
				TEST_HOST = "$(BUILT_PRODUCTS_DIR)/KaTalk-Settings.app/KaTalk-Settings";
			};
			name = Debug;
		};
		AC3933A1205F56EB0016D5B1 /* Release */ = {
			isa = XCBuildConfiguration;
			buildSettings = {
				ALWAYS_EMBED_SWIFT_STANDARD_LIBRARIES = YES;
				BUNDLE_LOADER = "$(TEST_HOST)";
				CODE_SIGN_STYLE = Automatic;
				DEVELOPMENT_TEAM = NE9H5QPYHM;
				INFOPLIST_FILE = "KaTalk-SettingsTests/Info.plist";
				LD_RUNPATH_SEARCH_PATHS = "$(inherited) @executable_path/Frameworks @loader_path/Frameworks";
				PRODUCT_BUNDLE_IDENTIFIER = "self.KaTalk-SettingsTests";
				PRODUCT_NAME = "$(TARGET_NAME)";
				SWIFT_VERSION = 4.0;
				TARGETED_DEVICE_FAMILY = "1,2";
				TEST_HOST = "$(BUILT_PRODUCTS_DIR)/KaTalk-Settings.app/KaTalk-Settings";
			};
			name = Release;
		};
		AC3933A3205F56EB0016D5B1 /* Debug */ = {
			isa = XCBuildConfiguration;
			buildSettings = {
				ALWAYS_EMBED_SWIFT_STANDARD_LIBRARIES = YES;
				CODE_SIGN_STYLE = Automatic;
				DEVELOPMENT_TEAM = NE9H5QPYHM;
				INFOPLIST_FILE = "KaTalk-SettingsUITests/Info.plist";
				LD_RUNPATH_SEARCH_PATHS = "$(inherited) @executable_path/Frameworks @loader_path/Frameworks";
				PRODUCT_BUNDLE_IDENTIFIER = "self.KaTalk-SettingsUITests";
				PRODUCT_NAME = "$(TARGET_NAME)";
				SWIFT_VERSION = 4.0;
				TARGETED_DEVICE_FAMILY = "1,2";
				TEST_TARGET_NAME = "KaTalk-Settings";
			};
			name = Debug;
		};
		AC3933A4205F56EB0016D5B1 /* Release */ = {
			isa = XCBuildConfiguration;
			buildSettings = {
				ALWAYS_EMBED_SWIFT_STANDARD_LIBRARIES = YES;
				CODE_SIGN_STYLE = Automatic;
				DEVELOPMENT_TEAM = NE9H5QPYHM;
				INFOPLIST_FILE = "KaTalk-SettingsUITests/Info.plist";
				LD_RUNPATH_SEARCH_PATHS = "$(inherited) @executable_path/Frameworks @loader_path/Frameworks";
				PRODUCT_BUNDLE_IDENTIFIER = "self.KaTalk-SettingsUITests";
				PRODUCT_NAME = "$(TARGET_NAME)";
				SWIFT_VERSION = 4.0;
				TARGETED_DEVICE_FAMILY = "1,2";
				TEST_TARGET_NAME = "KaTalk-Settings";
			};
			name = Release;
		};
/* End XCBuildConfiguration section */

/* Begin XCConfigurationList section */
		AC39336F205F56EA0016D5B1 /* Build configuration list for PBXProject "KaTalk-Settings" */ = {
			isa = XCConfigurationList;
			buildConfigurations = (
				AC39339A205F56EB0016D5B1 /* Debug */,
				AC39339B205F56EB0016D5B1 /* Release */,
			);
			defaultConfigurationIsVisible = 0;
			defaultConfigurationName = Release;
		};
		AC39339C205F56EB0016D5B1 /* Build configuration list for PBXNativeTarget "KaTalk-Settings" */ = {
			isa = XCConfigurationList;
			buildConfigurations = (
				AC39339D205F56EB0016D5B1 /* Debug */,
				AC39339E205F56EB0016D5B1 /* Release */,
			);
			defaultConfigurationIsVisible = 0;
			defaultConfigurationName = Release;
		};
		AC39339F205F56EB0016D5B1 /* Build configuration list for PBXNativeTarget "KaTalk-SettingsTests" */ = {
			isa = XCConfigurationList;
			buildConfigurations = (
				AC3933A0205F56EB0016D5B1 /* Debug */,
				AC3933A1205F56EB0016D5B1 /* Release */,
			);
			defaultConfigurationIsVisible = 0;
			defaultConfigurationName = Release;
		};
		AC3933A2205F56EB0016D5B1 /* Build configuration list for PBXNativeTarget "KaTalk-SettingsUITests" */ = {
			isa = XCConfigurationList;
			buildConfigurations = (
				AC3933A3205F56EB0016D5B1 /* Debug */,
				AC3933A4205F56EB0016D5B1 /* Release */,
			);
			defaultConfigurationIsVisible = 0;
			defaultConfigurationName = Release;
		};
/* End XCConfigurationList section */
	};
	rootObject = AC39336C205F56EA0016D5B1 /* Project object */;
}
